
Microsoft Visual Studio Solution File, Format Version 12.00
# Visual Studio 2012
Project("{FAE04EC0-301F-11D3-BF4B-00C04F79EFBC}") = "AngularCarousel", "AngularCarousel\AngularCarousel.csproj", "{C35F3B5C-09B2-4E2C-B2E4-CF2B65E0B81B}"
EndProject
Global
	GlobalSection(SolutionConfigurationPlatforms) = preSolution
		Debug|Any CPU = Debug|Any CPU
		Release|Any CPU = Release|Any CPU
	EndGlobalSection
	GlobalSection(ProjectConfigurationPlatforms) = postSolution
		{C35F3B5C-09B2-4E2C-B2E4-CF2B65E0B81B}.Debug|Any CPU.ActiveCfg = Debug|Any CPU
		{C35F3B5C-09B2-4E2C-B2E4-CF2B65E0B81B}.Debug|Any CPU.Build.0 = Debug|Any CPU
		{C35F3B5C-09B2-4E2C-B2E4-CF2B65E0B81B}.Release|Any CPU.ActiveCfg = Release|Any CPU
		{C35F3B5C-09B2-4E2C-B2E4-CF2B65E0B81B}.Release|Any CPU.Build.0 = Release|Any CPU
	EndGlobalSection
	GlobalSection(SolutionProperties) = preSolution
		HideSolutionNode = FALSE
	EndGlobalSection
EndGlobal
